lockfileVersion: '6.0'

settings:
  autoInstallPeers: true
  excludeLinksFromLockfile: false

dependencies:
  '@trpc/client':
    specifier: ^10.37.1
    version: 10.37.1(@trpc/server@10.37.1)
  undici:
    specifier: ^5.26.2
    version: 5.26.2

devDependencies:
  '@types/node':
    specifier: ^18.16.16
    version: 18.16.16

packages:

  /@fastify/busboy@2.0.0:
    resolution: {integrity: sha512-JUFJad5lv7jxj926GPgymrWQxxjPYuJNiNjNMzqT+HiuP6Vl3dk5xzG+8sTX96np0ZAluvaMzPsjhHZ5rNuNQQ==}
    engines: {node: '>=14'}
    dev: false

  /@trpc/client@10.37.1(@trpc/server@10.37.1):
    resolution: {integrity: sha512-OSblNfeI0Z9ERn3usgLV2x63CwwPoNOHf1FQK85cOT7F8MNaWyEHoEv7tHUwNGJwyzKXmpU+ockZ0movzX3D0g==}
    peerDependencies:
      '@trpc/server': 10.37.1
    dependencies:
      '@trpc/server': 10.37.1
    dev: false

  /@trpc/server@10.37.1:
    resolution: {integrity: sha512-r3VeA319/braYMBIzj+XLgLKQ9lJSVglvPvP9HUv4kr5w6Y5grQMxMcExhTiZWltE9bnSJHKtBBzHafOo7KC8A==}
    dev: false

  /@types/node@18.16.16:
    resolution: {integrity: sha512-NpaM49IGQQAUlBhHMF82QH80J08os4ZmyF9MkpCzWAGuOHqE4gTEbhzd7L3l5LmWuZ6E0OiC1FweQ4tsiW35+g==}
    dev: true

  /undici@5.26.2:
    resolution: {integrity: sha512-a4PDLQgLTPHVzOK+x3F79/M4GtyYPl+aX9AAK7aQxpwxDwCqkeZCScy7Gk5kWT3JtdFq1uhO3uZJdLtHI4dK9A==}
    engines: {node: '>=14.0'}
    dependencies:
      '@fastify/busboy': 2.0.0
    dev: false
